
Microsoft Visual Studio Solution File, Format Version 12.00
# Visual Studio Version 17
VisualStudioVersion = 17.11.35208.52
MinimumVisualStudioVersion = 10.0.40219.1
Project("{FAE04EC0-301F-11D3-BF4B-00C04F79EFBC}") = "stack", "stack\stack.csproj", "{D49960E6-9B64-496F-A122-BC3CF2650A74}"
EndProject
Global
	GlobalSection(SolutionConfigurationPlatforms) = preSolution
		Debug|Any CPU = Debug|Any CPU
		Release|Any CPU = Release|Any CPU
	EndGlobalSection
	GlobalSection(ProjectConfigurationPlatforms) = postSolution
		{D49960E6-9B64-496F-A122-BC3CF2650A74}.Debug|Any CPU.ActiveCfg = Debug|Any CPU
		{D49960E6-9B64-496F-A122-BC3CF2650A74}.Debug|Any CPU.Build.0 = Debug|Any CPU
		{D49960E6-9B64-496F-A122-BC3CF2650A74}.Release|Any CPU.ActiveCfg = Release|Any CPU
		{D49960E6-9B64-496F-A122-BC3CF2650A74}.Release|Any CPU.Build.0 = Release|Any CPU
	EndGlobalSection
	GlobalSection(SolutionProperties) = preSolution
		HideSolutionNode = FALSE
	EndGlobalSection
	GlobalSection(ExtensibilityGlobals) = postSolution
		SolutionGuid = {3CE717D7-0BBE-4ED1-A957-28932C270A94}
	EndGlobalSection
EndGlobal
